
Microsoft Visual Studio Solution File, Format Version 12.00
# Visual Studio Version 16
VisualStudioVersion = 16.0.30907.101
MinimumVisualStudioVersion = 10.0.40219.1
Project("{9A19103F-16F7-4668-BE54-9A1E7A4F7556}") = "APIReservationHotel", "APIReservationHotel.csproj", "{B6446FAE-D533-45D6-93BA-733FAAA7AF2B}"
EndProject
Project("{2150E333-8FDC-42A3-9474-1A3956D46DE8}") = "models", "models", "{88C5D281-F6A2-4913-BF82-12D6A05EDB95}"
EndProject
Global
	GlobalSection(SolutionConfigurationPlatforms) = preSolution
		Debug|Any CPU = Debug|Any CPU
		Release|Any CPU = Release|Any CPU
	EndGlobalSection
	GlobalSection(ProjectConfigurationPlatforms) = postSolution
		{B6446FAE-D533-45D6-93BA-733FAAA7AF2B}.Debug|Any CPU.ActiveCfg = Debug|Any CPU
		{B6446FAE-D533-45D6-93BA-733FAAA7AF2B}.Debug|Any CPU.Build.0 = Debug|Any CPU
		{B6446FAE-D533-45D6-93BA-733FAAA7AF2B}.Release|Any CPU.ActiveCfg = Release|Any CPU
		{B6446FAE-D533-45D6-93BA-733FAAA7AF2B}.Release|Any CPU.Build.0 = Release|Any CPU
	EndGlobalSection
	GlobalSection(SolutionProperties) = preSolution
		HideSolutionNode = FALSE
	EndGlobalSection
	GlobalSection(ExtensibilityGlobals) = postSolution
		SolutionGuid = {A13C3EB3-AE1F-4F3F-A977-123F275A4CBB}
	EndGlobalSection
EndGlobal
